
Microsoft Visual Studio Solution File, Format Version 12.00
# Visual Studio Version 17
VisualStudioVersion = 17.10.35004.147
MinimumVisualStudioVersion = 10.0.40219.1
Project("{9A19103F-16F7-4668-BE54-9A1E7A4F7556}") = "Project 3DPoint", "Assignment_OOP_03\Project 3DPoint.csproj", "{09627748-60F5-4757-81D0-7ABE334D4E2B}"
EndProject
Project("{9A19103F-16F7-4668-BE54-9A1E7A4F7556}") = "Duration Project", "Duration Project\Duration Project.csproj", "{C1BBFF04-4BE1-4F06-8C3B-AF8E195379E0}"
EndProject
Project("{9A19103F-16F7-4668-BE54-9A1E7A4F7556}") = "Math Project", "Math Project\Math Project.csproj", "{D49C605D-8B15-42BA-839B-7017A197124E}"
EndProject
Project("{FAE04EC0-301F-11D3-BF4B-00C04F79EFBC}") = "Shap Project", "Shap Project\Shap Project.csproj", "{079DF4EC-ED73-4661-8F27-63E1930A38FD}"
EndProject
Global
	GlobalSection(SolutionConfigurationPlatforms) = preSolution
		Debug|Any CPU = Debug|Any CPU
		Release|Any CPU = Release|Any CPU
	EndGlobalSection
	GlobalSection(ProjectConfigurationPlatforms) = postSolution
		{09627748-60F5-4757-81D0-7ABE334D4E2B}.Debug|Any CPU.ActiveCfg = Debug|Any CPU
		{09627748-60F5-4757-81D0-7ABE334D4E2B}.Debug|Any CPU.Build.0 = Debug|Any CPU
		{09627748-60F5-4757-81D0-7ABE334D4E2B}.Release|Any CPU.ActiveCfg = Release|Any CPU
		{09627748-60F5-4757-81D0-7ABE334D4E2B}.Release|Any CPU.Build.0 = Release|Any CPU
		{C1BBFF04-4BE1-4F06-8C3B-AF8E195379E0}.Debug|Any CPU.ActiveCfg = Debug|Any CPU
		{C1BBFF04-4BE1-4F06-8C3B-AF8E195379E0}.Debug|Any CPU.Build.0 = Debug|Any CPU
		{C1BBFF04-4BE1-4F06-8C3B-AF8E195379E0}.Release|Any CPU.ActiveCfg = Release|Any CPU
		{C1BBFF04-4BE1-4F06-8C3B-AF8E195379E0}.Release|Any CPU.Build.0 = Release|Any CPU
		{D49C605D-8B15-42BA-839B-7017A197124E}.Debug|Any CPU.ActiveCfg = Debug|Any CPU
		{D49C605D-8B15-42BA-839B-7017A197124E}.Debug|Any CPU.Build.0 = Debug|Any CPU
		{D49C605D-8B15-42BA-839B-7017A197124E}.Release|Any CPU.ActiveCfg = Release|Any CPU
		{D49C605D-8B15-42BA-839B-7017A197124E}.Release|Any CPU.Build.0 = Release|Any CPU
		{079DF4EC-ED73-4661-8F27-63E1930A38FD}.Debug|Any CPU.ActiveCfg = Debug|Any CPU
		{079DF4EC-ED73-4661-8F27-63E1930A38FD}.Debug|Any CPU.Build.0 = Debug|Any CPU
		{079DF4EC-ED73-4661-8F27-63E1930A38FD}.Release|Any CPU.ActiveCfg = Release|Any CPU
		{079DF4EC-ED73-4661-8F27-63E1930A38FD}.Release|Any CPU.Build.0 = Release|Any CPU
	EndGlobalSection
	GlobalSection(SolutionProperties) = preSolution
		HideSolutionNode = FALSE
	EndGlobalSection
	GlobalSection(ExtensibilityGlobals) = postSolution
		SolutionGuid = {4F847582-F7C9-4D93-9132-B5E8611ECC68}
	EndGlobalSection
EndGlobal
